
Microsoft Visual Studio Solution File, Format Version 12.00
# Visual Studio Version 17
VisualStudioVersion = 17.1.32210.238
MinimumVisualStudioVersion = 10.0.40219.1
Project("{9A19103F-16F7-4668-BE54-9A1E7A4F7556}") = "Http3QuicDotnetSample.Api", "server\Http3QuicDotnetSample.Api.csproj", "{858519B6-FE49-4EB3-8475-B99D3572E836}"
EndProject
Project("{9A19103F-16F7-4668-BE54-9A1E7A4F7556}") = "Http3QuickDotnetSample.Client", "client\Http3QuickDotnetSample.Client.csproj", "{8DCCED88-10F8-40A8-8857-3D91EB013BDB}"
EndProject
Global
	GlobalSection(SolutionConfigurationPlatforms) = preSolution
		Debug|Any CPU = Debug|Any CPU
		Release|Any CPU = Release|Any CPU
	EndGlobalSection
	GlobalSection(ProjectConfigurationPlatforms) = postSolution
		{858519B6-FE49-4EB3-8475-B99D3572E836}.Debug|Any CPU.ActiveCfg = Debug|Any CPU
		{858519B6-FE49-4EB3-8475-B99D3572E836}.Debug|Any CPU.Build.0 = Debug|Any CPU
		{858519B6-FE49-4EB3-8475-B99D3572E836}.Release|Any CPU.ActiveCfg = Release|Any CPU
		{858519B6-FE49-4EB3-8475-B99D3572E836}.Release|Any CPU.Build.0 = Release|Any CPU
		{8DCCED88-10F8-40A8-8857-3D91EB013BDB}.Debug|Any CPU.ActiveCfg = Debug|Any CPU
		{8DCCED88-10F8-40A8-8857-3D91EB013BDB}.Debug|Any CPU.Build.0 = Debug|Any CPU
		{8DCCED88-10F8-40A8-8857-3D91EB013BDB}.Release|Any CPU.ActiveCfg = Release|Any CPU
		{8DCCED88-10F8-40A8-8857-3D91EB013BDB}.Release|Any CPU.Build.0 = Release|Any CPU
	EndGlobalSection
	GlobalSection(SolutionProperties) = preSolution
		HideSolutionNode = FALSE
	EndGlobalSection
	GlobalSection(ExtensibilityGlobals) = postSolution
		SolutionGuid = {410085BB-3A9C-401C-9241-72C8409A9A33}
	EndGlobalSection
EndGlobal
